// !$*UTF8*$!
{
	archiveVersion = 1;
	classes = {
	};
	objectVersion = 55;
	objects = {

/* Begin PBXBuildFile section */
		AC15F7C22854729C00761ADE /* AppDelegate.swift in Sources */ = {isa = PBXBuildFile; fileRef = AC15F7C12854729C00761ADE /* AppDelegate.swift */; };
		AC15F7C42854729C00761ADE /* SceneDelegate.swift in Sources */ = {isa = PBXBuildFile; fileRef = AC15F7C32854729C00761ADE /* SceneDelegate.swift */; };
		AC15F7C62854729C00761ADE /* ViewController.swift in Sources */ = {isa = PBXBuildFile; fileRef = AC15F7C52854729C00761ADE /* ViewController.swift */; };
		AC15F7C92854729C00761ADE /* Main.storyboard in Resources */ = {isa = PBXBuildFile; fileRef = AC15F7C72854729C00761ADE /* Main.storyboard */; };
		AC15F7CB2854729E00761ADE /* Assets.xcassets in Resources */ = {isa = PBXBuildFile; fileRef = AC15F7CA2854729E00761ADE /* Assets.xcassets */; };
		AC15F7CE2854729E00761ADE /* LaunchScreen.storyboard in Resources */ = {isa = PBXBuildFile; fileRef = AC15F7CC2854729E00761ADE /* LaunchScreen.storyboard */; };
		AC15F7D92854729E00761ADE /* GoGoRacingTests.swift in Sources */ = {isa = PBXBuildFile; fileRef = AC15F7D82854729E00761ADE /* GoGoRacingTests.swift */; };
		AC15F7E32854729E00761ADE /* GoGoRacingUITests.swift in Sources */ = {isa = PBXBuildFile; fileRef = AC15F7E22854729E00761ADE /* GoGoRacingUITests.swift */; };
		AC15F7E52854729E00761ADE /* GoGoRacingUITestsLaunchTests.swift in Sources */ = {isa = PBXBuildFile; fileRef = AC15F7E42854729E00761ADE /* GoGoRacingUITestsLaunchTests.swift */; };
/* End PBXBuildFile section */

/* Begin PBXContainerItemProxy section */
		AC15F7D52854729E00761ADE /* PBXContainerItemProxy */ = {
			isa = PBXContainerItemProxy;
			containerPortal = AC15F7B62854729C00761ADE /* Project object */;
			proxyType = 1;
			remoteGlobalIDString = AC15F7BD2854729C00761ADE;
			remoteInfo = GoGoRacing;
		};
		AC15F7DF2854729E00761ADE /* PBXContainerItemProxy */ = {
			isa = PBXContainerItemProxy;
			containerPortal = AC15F7B62854729C00761ADE /* Project object */;
			proxyType = 1;
			remoteGlobalIDString = AC15F7BD2854729C00761ADE;
			remoteInfo = GoGoRacing;
		};
/* End PBXContainerItemProxy section */

/* Begin PBXFileReference section */
		AC15F7BE2854729C00761ADE /* GoGoRacing.app */ = {isa = PBXFileReference; explicitFileType = wrapper.application; includeInIndex = 0; path = GoGoRacing.app; sourceTree = BUILT_PRODUCTS_DIR; };
		AC15F7C12854729C00761ADE /* AppDelegate.swift */ = {isa = PBXFileReference; lastKnownFileType = sourcecode.swift; path = AppDelegate.swift; sourceTree = "<group>"; };
		AC15F7C32854729C00761ADE /* SceneDelegate.swift */ = {isa = PBXFileReference; lastKnownFileType = sourcecode.swift; path = SceneDelegate.swift; sourceTree = "<group>"; };
		AC15F7C52854729C00761ADE /* ViewController.swift */ = {isa = PBXFileReference; lastKnownFileType = sourcecode.swift; path = ViewController.swift; sourceTree = "<group>"; };
		AC15F7C82854729C00761ADE /* Base */ = {isa = PBXFileReference; lastKnownFileType = file.storyboard; name = Base; path = Base.lproj/Main.storyboard; sourceTree = "<group>"; };
		AC15F7CA2854729E00761ADE /* Assets.xcassets */ = {isa = PBXFileReference; lastKnownFileType = folder.assetcatalog; path = Assets.xcassets; sourceTree = "<group>"; };
		AC15F7CD2854729E00761ADE /* Base */ = {isa = PBXFileReference; lastKnownFileType = file.storyboard; name = Base; path = Base.lproj/LaunchScreen.storyboard; sourceTree = "<group>"; };
		AC15F7CF2854729E00761ADE /* Info.plist */ = {isa = PBXFileReference; lastKnownFileType = text.plist.xml; path = Info.plist; sourceTree = "<group>"; };
		AC15F7D42854729E00761ADE /* GoGoRacingTests.xctest */ = {isa = PBXFileReference; explicitFileType = wrapper.cfbundle; includeInIndex = 0; path = GoGoRacingTests.xctest; sourceTree = BUILT_PRODUCTS_DIR; };
		AC15F7D82854729E00761ADE /* GoGoRacingTests.swift */ = {isa = PBXFileReference; lastKnownFileType = sourcecode.swift; path = GoGoRacingTests.swift; sourceTree = "<group>"; };
		AC15F7DE2854729E00761ADE /* GoGoRacingUITests.xctest */ = {isa = PBXFileReference; explicitFileType = wrapper.cfbundle; includeInIndex = 0; path = GoGoRacingUITests.xctest; sourceTree = BUILT_PRODUCTS_DIR; };
		AC15F7E22854729E00761ADE /* GoGoRacingUITests.swift */ = {isa = PBXFileReference; lastKnownFileType = sourcecode.swift; path = GoGoRacingUITests.swift; sourceTree = "<group>"; };
		AC15F7E42854729E00761ADE /* GoGoRacingUITestsLaunchTests.swift */ = {isa = PBXFileReference; lastKnownFileType = sourcecode.swift; path = GoGoRacingUITestsLaunchTests.swift; sourceTree = "<group>"; };
/* End PBXFileReference section */

/* Begin PBXFrameworksBuildPhase section */
		AC15F7BB2854729C00761ADE /* Frameworks */ = {
			isa = PBXFrameworksBuildPhase;
			buildActionMask = 2147483647;
			files = (
			);
			runOnlyForDeploymentPostprocessing = 0;
		};
		AC15F7D12854729E00761ADE /* Frameworks */ = {
			isa = PBXFrameworksBuildPhase;
			buildActionMask = 2147483647;
			files = (
			);
			runOnlyForDeploymentPostprocessing = 0;
		};
		AC15F7DB2854729E00761ADE /* Frameworks */ = {
			isa = PBXFrameworksBuildPhase;
			buildActionMask = 2147483647;
			files = (
			);
			runOnlyForDeploymentPostprocessing = 0;
		};
/* End PBXFrameworksBuildPhase section */

/* Begin PBXGroup section */
		AC15F7B52854729C00761ADE = {
			isa = PBXGroup;
			children = (
				AC15F7C02854729C00761ADE /* GoGoRacing */,
				AC15F7D72854729E00761ADE /* GoGoRacingTests */,
				AC15F7E12854729E00761ADE /* GoGoRacingUITests */,
				AC15F7BF2854729C00761ADE /* Products */,
			);
			sourceTree = "<group>";
		};
		AC15F7BF2854729C00761ADE /* Products */ = {
			isa = PBXGroup;
			children = (
				AC15F7BE2854729C00761ADE /* GoGoRacing.app */,
				AC15F7D42854729E00761ADE /* GoGoRacingTests.xctest */,
				AC15F7DE2854729E00761ADE /* GoGoRacingUITests.xctest */,
			);
			name = Products;
			sourceTree = "<group>";
		};
		AC15F7C02854729C00761ADE /* GoGoRacing */ = {
			isa = PBXGroup;
			children = (
				AC15F7C12854729C00761ADE /* AppDelegate.swift */,
				AC15F7C32854729C00761ADE /* SceneDelegate.swift */,
				AC15F7C52854729C00761ADE /* ViewController.swift */,
				AC15F7C72854729C00761ADE /* Main.storyboard */,
				AC15F7CA2854729E00761ADE /* Assets.xcassets */,
				AC15F7CC2854729E00761ADE /* LaunchScreen.storyboard */,
				AC15F7CF2854729E00761ADE /* Info.plist */,
			);
			path = GoGoRacing;
			sourceTree = "<group>";
		};
		AC15F7D72854729E00761ADE /* GoGoRacingTests */ = {
			isa = PBXGroup;
			children = (
				AC15F7D82854729E00761ADE /* GoGoRacingTests.swift */,
			);
			path = GoGoRacingTests;
			sourceTree = "<group>";
		};
		AC15F7E12854729E00761ADE /* GoGoRacingUITests */ = {
			isa = PBXGroup;
			children = (
				AC15F7E22854729E00761ADE /* GoGoRacingUITests.swift */,
				AC15F7E42854729E00761ADE /* GoGoRacingUITestsLaunchTests.swift */,
			);
			path = GoGoRacingUITests;
			sourceTree = "<group>";
		};
/* End PBXGroup section */

/* Begin PBXNativeTarget section */
		AC15F7BD2854729C00761ADE /* GoGoRacing */ = {
			isa = PBXNativeTarget;
			buildConfigurationList = AC15F7E82854729E00761ADE /* Build configuration list for PBXNativeTarget "GoGoRacing" */;
			buildPhases = (
				AC15F7BA2854729C00761ADE /* Sources */,
				AC15F7BB2854729C00761ADE /* Frameworks */,
				AC15F7BC2854729C00761ADE /* Resources */,
			);
			buildRules = (
			);
			dependencies = (
			);
			name = GoGoRacing;
			productName = GoGoRacing;
			productReference = AC15F7BE2854729C00761ADE /* GoGoRacing.app */;
			productType = "com.apple.product-type.application";
		};
		AC15F7D32854729E00761ADE /* GoGoRacingTests */ = {
			isa = PBXNativeTarget;
			buildConfigurationList = AC15F7EB2854729E00761ADE /* Build configuration list for PBXNativeTarget "GoGoRacingTests" */;
			buildPhases = (
				AC15F7D02854729E00761ADE /* Sources */,
				AC15F7D12854729E00761ADE /* Frameworks */,
				AC15F7D22854729E00761ADE /* Resources */,
			);
			buildRules = (
			);
			dependencies = (
				AC15F7D62854729E00761ADE /* PBXTargetDependency */,
			);
			name = GoGoRacingTests;
			productName = GoGoRacingTests;
			productReference = AC15F7D42854729E00761ADE /* GoGoRacingTests.xctest */;
			productType = "com.apple.product-type.bundle.unit-test";
		};
		AC15F7DD2854729E00761ADE /* GoGoRacingUITests */ = {
			isa = PBXNativeTarget;
			buildConfigurationList = AC15F7EE2854729E00761ADE /* Build configuration list for PBXNativeTarget "GoGoRacingUITests" */;
			buildPhases = (
				AC15F7DA2854729E00761ADE /* Sources */,
				AC15F7DB2854729E00761ADE /* Frameworks */,
				AC15F7DC2854729E00761ADE /* Resources */,
			);
			buildRules = (
			);
			dependencies = (
				AC15F7E02854729E00761ADE /* PBXTargetDependency */,
			);
			name = GoGoRacingUITests;
			productName = GoGoRacingUITests;
			productReference = AC15F7DE2854729E00761ADE /* GoGoRacingUITests.xctest */;
			productType = "com.apple.product-type.bundle.ui-testing";
		};
/* End PBXNativeTarget section */

/* Begin PBXProject section */
		AC15F7B62854729C00761ADE /* Project object */ = {
			isa = PBXProject;
			attributes = {
				BuildIndependentTargetsInParallel = 1;
				LastSwiftUpdateCheck = 1320;
				LastUpgradeCheck = 1320;
				TargetAttributes = {
					AC15F7BD2854729C00761ADE = {
						CreatedOnToolsVersion = 13.2.1;
					};
					AC15F7D32854729E00761ADE = {
						CreatedOnToolsVersion = 13.2.1;
						TestTargetID = AC15F7BD2854729C00761ADE;
					};
					AC15F7DD2854729E00761ADE = {
						CreatedOnToolsVersion = 13.2.1;
						TestTargetID = AC15F7BD2854729C00761ADE;
					};
				};
			};
			buildConfigurationList = AC15F7B92854729C00761ADE /* Build configuration list for PBXProject "GoGoRacing" */;
			compatibilityVersion = "Xcode 13.0";
			developmentRegion = en;
			hasScannedForEncodings = 0;
			knownRegions = (
				en,
				Base,
			);
			mainGroup = AC15F7B52854729C00761ADE;
			productRefGroup = AC15F7BF2854729C00761ADE /* Products */;
			projectDirPath = "";
			projectRoot = "";
			targets = (
				AC15F7BD2854729C00761ADE /* GoGoRacing */,
				AC15F7D32854729E00761ADE /* GoGoRacingTests */,
				AC15F7DD2854729E00761ADE /* GoGoRacingUITests */,
			);
		};
/* End PBXProject section */

/* Begin PBXResourcesBuildPhase section */
		AC15F7BC2854729C00761ADE /* Resources */ = {
			isa = PBXResourcesBuildPhase;
			buildActionMask = 2147483647;
			files = (
				AC15F7CE2854729E00761ADE /* LaunchScreen.storyboard in Resources */,
				AC15F7CB2854729E00761ADE /* Assets.xcassets in Resources */,
				AC15F7C92854729C00761ADE /* Main.storyboard in Resources */,
			);
			runOnlyForDeploymentPostprocessing = 0;
		};
		AC15F7D22854729E00761ADE /* Resources */ = {
			isa = PBXResourcesBuildPhase;
			buildActionMask = 2147483647;
			files = (
			);
			runOnlyForDeploymentPostprocessing = 0;
		};
		AC15F7DC2854729E00761ADE /* Resources */ = {
			isa = PBXResourcesBuildPhase;
			buildActionMask = 2147483647;
			files = (
			);
			runOnlyForDeploymentPostprocessing = 0;
		};
/* End PBXResourcesBuildPhase section */

/* Begin PBXSourcesBuildPhase section */
		AC15F7BA2854729C00761ADE /* Sources */ = {
			isa = PBXSourcesBuildPhase;
			buildActionMask = 2147483647;
			files = (
				AC15F7C62854729C00761ADE /* ViewController.swift in Sources */,
				AC15F7C22854729C00761ADE /* AppDelegate.swift in Sources */,
				AC15F7C42854729C00761ADE /* SceneDelegate.swift in Sources */,
			);
			runOnlyForDeploymentPostprocessing = 0;
		};
		AC15F7D02854729E00761ADE /* Sources */ = {
			isa = PBXSourcesBuildPhase;
			buildActionMask = 2147483647;
			files = (
				AC15F7D92854729E00761ADE /* GoGoRacingTests.swift in Sources */,
			);
			runOnlyForDeploymentPostprocessing = 0;
		};
		AC15F7DA2854729E00761ADE /* Sources */ = {
			isa = PBXSourcesBuildPhase;
			buildActionMask = 2147483647;
			files = (
				AC15F7E52854729E00761ADE /* GoGoRacingUITestsLaunchTests.swift in Sources */,
				AC15F7E32854729E00761ADE /* GoGoRacingUITests.swift in Sources */,
			);
			runOnlyForDeploymentPostprocessing = 0;
		};
/* End PBXSourcesBuildPhase section */

/* Begin PBXTargetDependency section */
		AC15F7D62854729E00761ADE /* PBXTargetDependency */ = {
			isa = PBXTargetDependency;
			target = AC15F7BD2854729C00761ADE /* GoGoRacing */;
			targetProxy = AC15F7D52854729E00761ADE /* PBXContainerItemProxy */;
		};
		AC15F7E02854729E00761ADE /* PBXTargetDependency */ = {
			isa = PBXTargetDependency;
			target = AC15F7BD2854729C00761ADE /* GoGoRacing */;
			targetProxy = AC15F7DF2854729E00761ADE /* PBXContainerItemProxy */;
		};
/* End PBXTargetDependency section */

/* Begin PBXVariantGroup section */
		AC15F7C72854729C00761ADE /* Main.storyboard */ = {
			isa = PBXVariantGroup;
			children = (
				AC15F7C82854729C00761ADE /* Base */,
			);
			name = Main.storyboard;
			sourceTree = "<group>";
		};
		AC15F7CC2854729E00761ADE /* LaunchScreen.storyboard */ = {
			isa = PBXVariantGroup;
			children = (
				AC15F7CD2854729E00761ADE /* Base */,
			);
			name = LaunchScreen.storyboard;
			sourceTree = "<group>";
		};
/* End PBXVariantGroup section */

/* Begin XCBuildConfiguration section */
		AC15F7E62854729E00761ADE /* Debug */ = {
			isa = XCBuildConfiguration;
			buildSettings = {
				ALWAYS_SEARCH_USER_PATHS = NO;
				CLANG_ANALYZER_NONNULL = YES;
				CLANG_ANALYZER_NUMBER_OBJECT_CONVERSION = YES_AGGRESSIVE;
				CLANG_CXX_LANGUAGE_STANDARD = "gnu++17";
				CLANG_CXX_LIBRARY = "libc++";
				CLANG_ENABLE_MODULES = YES;
				CLANG_ENABLE_OBJC_ARC = YES;
				CLANG_ENABLE_OBJC_WEAK = YES;
				CLANG_WARN_BLOCK_CAPTURE_AUTORELEASING = YES;
				CLANG_WARN_BOOL_CONVERSION = YES;
				CLANG_WARN_COMMA = YES;
				CLANG_WARN_CONSTANT_CONVERSION = YES;
				CLANG_WARN_DEPRECATED_OBJC_IMPLEMENTATIONS = YES;
				CLANG_WARN_DIRECT_OBJC_ISA_USAGE = YES_ERROR;
				CLANG_WARN_DOCUMENTATION_COMMENTS = YES;
				CLANG_WARN_EMPTY_BODY = YES;
				CLANG_WARN_ENUM_CONVERSION = YES;
				CLANG_WARN_INFINITE_RECURSION = YES;
				CLANG_WARN_INT_CONVERSION = YES;
				CLANG_WARN_NON_LITERAL_NULL_CONVERSION = YES;
				CLANG_WARN_OBJC_IMPLICIT_RETAIN_SELF = YES;
				CLANG_WARN_OBJC_LITERAL_CONVERSION = YES;
				CLANG_WARN_OBJC_ROOT_CLASS = YES_ERROR;
				CLANG_WARN_QUOTED_INCLUDE_IN_FRAMEWORK_HEADER = YES;
				CLANG_WARN_RANGE_LOOP_ANALYSIS = YES;
				CLANG_WARN_STRICT_PROTOTYPES = YES;
				CLANG_WARN_SUSPICIOUS_MOVE = YES;
				CLANG_WARN_UNGUARDED_AVAILABILITY = YES_AGGRESSIVE;
				CLANG_WARN_UNREACHABLE_CODE = YES;
				CLANG_WARN__DUPLICATE_METHOD_MATCH = YES;
				COPY_PHASE_STRIP = NO;
				DEBUG_INFORMATION_FORMAT = dwarf;
				ENABLE_STRICT_OBJC_MSGSEND = YES;
				ENABLE_TESTABILITY = YES;
				GCC_C_LANGUAGE_STANDARD = gnu11;
				GCC_DYNAMIC_NO_PIC = NO;
				GCC_NO_COMMON_BLOCKS = YES;
				GCC_OPTIMIZATION_LEVEL = 0;
				GCC_PREPROCESSOR_DEFINITIONS = (
					"DEBUG=1",
					"$(inherited)",
				);
				GCC_WARN_64_TO_32_BIT_CONVERSION = YES;
				GCC_WARN_ABOUT_RETURN_TYPE = YES_ERROR;
				GCC_WARN_UNDECLARED_SELECTOR = YES;
				GCC_WARN_UNINITIALIZED_AUTOS = YES_AGGRESSIVE;
				GCC_WARN_UNUSED_FUNCTION = YES;
				GCC_WARN_UNUSED_VARIABLE = YES;
				IPHONEOS_DEPLOYMENT_TARGET = 15.2;
				MTL_ENABLE_DEBUG_INFO = INCLUDE_SOURCE;
				MTL_FAST_MATH = YES;
				ONLY_ACTIVE_ARCH = YES;
				SDKROOT = iphoneos;
				SWIFT_ACTIVE_COMPILATION_CONDITIONS = DEBUG;
				SWIFT_OPTIMIZATION_LEVEL = "-Onone";
			};
			name = Debug;
		};
		AC15F7E72854729E00761ADE /* Release */ = {
			isa = XCBuildConfiguration;
			buildSettings = {
				ALWAYS_SEARCH_USER_PATHS = NO;
				CLANG_ANALYZER_NONNULL = YES;
				CLANG_ANALYZER_NUMBER_OBJECT_CONVERSION = YES_AGGRESSIVE;
				CLANG_CXX_LANGUAGE_STANDARD = "gnu++17";
				CLANG_CXX_LIBRARY = "libc++";
				CLANG_ENABLE_MODULES = YES;
				CLANG_ENABLE_OBJC_ARC = YES;
				CLANG_ENABLE_OBJC_WEAK = YES;
				CLANG_WARN_BLOCK_CAPTURE_AUTORELEASING = YES;
				CLANG_WARN_BOOL_CONVERSION = YES;
				CLANG_WARN_COMMA = YES;
				CLANG_WARN_CONSTANT_CONVERSION = YES;
				CLANG_WARN_DEPRECATED_OBJC_IMPLEMENTATIONS = YES;
				CLANG_WARN_DIRECT_OBJC_ISA_USAGE = YES_ERROR;
				CLANG_WARN_DOCUMENTATION_COMMENTS = YES;
				CLANG_WARN_EMPTY_BODY = YES;
				CLANG_WARN_ENUM_CONVERSION = YES;
				CLANG_WARN_INFINITE_RECURSION = YES;
				CLANG_WARN_INT_CONVERSION = YES;
				CLANG_WARN_NON_LITERAL_NULL_CONVERSION = YES;
				CLANG_WARN_OBJC_IMPLICIT_RETAIN_SELF = YES;
				CLANG_WARN_OBJC_LITERAL_CONVERSION = YES;
				CLANG_WARN_OBJC_ROOT_CLASS = YES_ERROR;
				CLANG_WARN_QUOTED_INCLUDE_IN_FRAMEWORK_HEADER = YES;
				CLANG_WARN_RANGE_LOOP_ANALYSIS = YES;
				CLANG_WARN_STRICT_PROTOTYPES = YES;
				CLANG_WARN_SUSPICIOUS_MOVE = YES;
				CLANG_WARN_UNGUARDED_AVAILABILITY = YES_AGGRESSIVE;
				CLANG_WARN_UNREACHABLE_CODE = YES;
				CLANG_WARN__DUPLICATE_METHOD_MATCH = YES;
				COPY_PHASE_STRIP = NO;
				DEBUG_INFORMATION_FORMAT = "dwarf-with-dsym";
				ENABLE_NS_ASSERTIONS = NO;
				ENABLE_STRICT_OBJC_MSGSEND = YES;
				GCC_C_LANGUAGE_STANDARD = gnu11;
				GCC_NO_COMMON_BLOCKS = YES;
				GCC_WARN_64_TO_32_BIT_CONVERSION = YES;
				GCC_WARN_ABOUT_RETURN_TYPE = YES_ERROR;
				GCC_WARN_UNDECLARED_SELECTOR = YES;
				GCC_WARN_UNINITIALIZED_AUTOS = YES_AGGRESSIVE;
				GCC_WARN_UNUSED_FUNCTION = YES;
				GCC_WARN_UNUSED_VARIABLE = YES;
				IPHONEOS_DEPLOYMENT_TARGET = 15.2;
				MTL_ENABLE_DEBUG_INFO = NO;
				MTL_FAST_MATH = YES;
				SDKROOT = iphoneos;
				SWIFT_COMPILATION_MODE = wholemodule;
				SWIFT_OPTIMIZATION_LEVEL = "-O";
				VALIDATE_PRODUCT = YES;
			};
			name = Release;
		};
		AC15F7E92854729E00761ADE /* Debug */ = {
			isa = XCBuildConfiguration;
			buildSettings = {
				ASSETCATALOG_COMPILER_APPICON_NAME = AppIcon;
				ASSETCATALOG_COMPILER_GLOBAL_ACCENT_COLOR_NAME = AccentColor;
				CODE_SIGN_STYLE = Automatic;
				CURRENT_PROJECT_VERSION = 1;
				GENERATE_INFOPLIST_FILE = YES;
				INFOPLIST_FILE = GoGoRacing/Info.plist;
				INFOPLIST_KEY_UIApplicationSupportsIndirectInputEvents = YES;
				INFOPLIST_KEY_UILaunchStoryboardName = LaunchScreen;
				INFOPLIST_KEY_UIMainStoryboardFile = Main;
				INFOPLIST_KEY_UISupportedInterfaceOrientations_iPad = "UIInterfaceOrientationPortrait UIInterfaceOrientationPortraitUpsideDown UIInterfaceOrientationLandscapeLeft UIInterfaceOrientationLandscapeRight";
				INFOPLIST_KEY_UISupportedInterfaceOrientations_iPhone = "UIInterfaceOrientationPortrait UIInterfaceOrientationLandscapeLeft UIInterfaceOrientationLandscapeRight";
				LD_RUNPATH_SEARCH_PATHS = (
					"$(inherited)",
					"@executable_path/Frameworks",
				);
				MARKETING_VERSION = 1.0;
				PRODUCT_BUNDLE_IDENTIFIER = "-.GoGoRacing";
				PRODUCT_NAME = "$(TARGET_NAME)";
				SWIFT_EMIT_LOC_STRINGS = YES;
				SWIFT_VERSION = 5.0;
				TARGETED_DEVICE_FAMILY = "1,2";
			};
			name = Debug;
		};
		AC15F7EA2854729E00761ADE /* Release */ = {
			isa = XCBuildConfiguration;
			buildSettings = {
				ASSETCATALOG_COMPILER_APPICON_NAME = AppIcon;
				ASSETCATALOG_COMPILER_GLOBAL_ACCENT_COLOR_NAME = AccentColor;
				CODE_SIGN_STYLE = Automatic;
				CURRENT_PROJECT_VERSION = 1;
				GENERATE_INFOPLIST_FILE = YES;
				INFOPLIST_FILE = GoGoRacing/Info.plist;
				INFOPLIST_KEY_UIApplicationSupportsIndirectInputEvents = YES;
				INFOPLIST_KEY_UILaunchStoryboardName = LaunchScreen;
				INFOPLIST_KEY_UIMainStoryboardFile = Main;
				INFOPLIST_KEY_UISupportedInterfaceOrientations_iPad = "UIInterfaceOrientationPortrait UIInterfaceOrientationPortraitUpsideDown UIInterfaceOrientationLandscapeLeft UIInterfaceOrientationLandscapeRight";
				INFOPLIST_KEY_UISupportedInterfaceOrientations_iPhone = "UIInterfaceOrientationPortrait UIInterfaceOrientationLandscapeLeft UIInterfaceOrientationLandscapeRight";
				LD_RUNPATH_SEARCH_PATHS = (
					"$(inherited)",
					"@executable_path/Frameworks",
				);
				MARKETING_VERSION = 1.0;
				PRODUCT_BUNDLE_IDENTIFIER = "-.GoGoRacing";
				PRODUCT_NAME = "$(TARGET_NAME)";
				SWIFT_EMIT_LOC_STRINGS = YES;
				SWIFT_VERSION = 5.0;
				TARGETED_DEVICE_FAMILY = "1,2";
			};
			name = Release;
		};
		AC15F7EC2854729E00761ADE /* Debug */ = {
			isa = XCBuildConfiguration;
			buildSettings = {
				ALWAYS_EMBED_SWIFT_STANDARD_LIBRARIES = YES;
				BUNDLE_LOADER = "$(TEST_HOST)";
				CODE_SIGN_STYLE = Automatic;
				CURRENT_PROJECT_VERSION = 1;
				GENERATE_INFOPLIST_FILE = YES;
				IPHONEOS_DEPLOYMENT_TARGET = 15.2;
				MARKETING_VERSION = 1.0;
				PRODUCT_BUNDLE_IDENTIFIER = "-.GoGoRacingTests";
				PRODUCT_NAME = "$(TARGET_NAME)";
				SWIFT_EMIT_LOC_STRINGS = NO;
				SWIFT_VERSION = 5.0;
				TARGETED_DEVICE_FAMILY = "1,2";
				TEST_HOST = "$(BUILT_PRODUCTS_DIR)/GoGoRacing.app/GoGoRacing";
			};
			name = Debug;
		};
		AC15F7ED2854729E00761ADE /* Release */ = {
			isa = XCBuildConfiguration;
			buildSettings = {
				ALWAYS_EMBED_SWIFT_STANDARD_LIBRARIES = YES;
				BUNDLE_LOADER = "$(TEST_HOST)";
				CODE_SIGN_STYLE = Automatic;
				CURRENT_PROJECT_VERSION = 1;
				GENERATE_INFOPLIST_FILE = YES;
				IPHONEOS_DEPLOYMENT_TARGET = 15.2;
				MARKETING_VERSION = 1.0;
				PRODUCT_BUNDLE_IDENTIFIER = "-.GoGoRacingTests";
				PRODUCT_NAME = "$(TARGET_NAME)";
				SWIFT_EMIT_LOC_STRINGS = NO;
				SWIFT_VERSION = 5.0;
				TARGETED_DEVICE_FAMILY = "1,2";
				TEST_HOST = "$(BUILT_PRODUCTS_DIR)/GoGoRacing.app/GoGoRacing";
			};
			name = Release;
		};
		AC15F7EF2854729E00761ADE /* Debug */ = {
			isa = XCBuildConfiguration;
			buildSettings = {
				ALWAYS_EMBED_SWIFT_STANDARD_LIBRARIES = YES;
				CODE_SIGN_STYLE = Automatic;
				CURRENT_PROJECT_VERSION = 1;
				GENERATE_INFOPLIST_FILE = YES;
				MARKETING_VERSION = 1.0;
				PRODUCT_BUNDLE_IDENTIFIER = "-.GoGoRacingUITests";
				PRODUCT_NAME = "$(TARGET_NAME)";
				SWIFT_EMIT_LOC_STRINGS = NO;
				SWIFT_VERSION = 5.0;
				TARGETED_DEVICE_FAMILY = "1,2";
				TEST_TARGET_NAME = GoGoRacing;
			};
			name = Debug;
		};
		AC15F7F02854729E00761ADE /* Release */ = {
			isa = XCBuildConfiguration;
			buildSettings = {
				ALWAYS_EMBED_SWIFT_STANDARD_LIBRARIES = YES;
				CODE_SIGN_STYLE = Automatic;
				CURRENT_PROJECT_VERSION = 1;
				GENERATE_INFOPLIST_FILE = YES;
				MARKETING_VERSION = 1.0;
				PRODUCT_BUNDLE_IDENTIFIER = "-.GoGoRacingUITests";
				PRODUCT_NAME = "$(TARGET_NAME)";
				SWIFT_EMIT_LOC_STRINGS = NO;
				SWIFT_VERSION = 5.0;
				TARGETED_DEVICE_FAMILY = "1,2";
				TEST_TARGET_NAME = GoGoRacing;
			};
			name = Release;
		};
/* End XCBuildConfiguration section */

/* Begin XCConfigurationList section */
		AC15F7B92854729C00761ADE /* Build configuration list for PBXProject "GoGoRacing" */ = {
			isa = XCConfigurationList;
			buildConfigurations = (
				AC15F7E62854729E00761ADE /* Debug */,
				AC15F7E72854729E00761ADE /* Release */,
			);
			defaultConfigurationIsVisible = 0;
			defaultConfigurationName = Release;
		};
		AC15F7E82854729E00761ADE /* Build configuration list for PBXNativeTarget "GoGoRacing" */ = {
			isa = XCConfigurationList;
			buildConfigurations = (
				AC15F7E92854729E00761ADE /* Debug */,
				AC15F7EA2854729E00761ADE /* Release */,
			);
			defaultConfigurationIsVisible = 0;
			defaultConfigurationName = Release;
		};
		AC15F7EB2854729E00761ADE /* Build configuration list for PBXNativeTarget "GoGoRacingTests" */ = {
			isa = XCConfigurationList;
			buildConfigurations = (
				AC15F7EC2854729E00761ADE /* Debug */,
				AC15F7ED2854729E00761ADE /* Release */,
			);
			defaultConfigurationIsVisible = 0;
			defaultConfigurationName = Release;
		};
		AC15F7EE2854729E00761ADE /* Build configuration list for PBXNativeTarget "GoGoRacingUITests" */ = {
			isa = XCConfigurationList;
			buildConfigurations = (
				AC15F7EF2854729E00761ADE /* Debug */,
				AC15F7F02854729E00761ADE /* Release */,
			);
			defaultConfigurationIsVisible = 0;
			defaultConfigurationName = Release;
		};
/* End XCConfigurationList section */
	};
	rootObject = AC15F7B62854729C00761ADE /* Project object */;
}
